
Microsoft Visual Studio Solution File, Format Version 12.00
# Visual Studio 2013
VisualStudioVersion = 12.0.31101.0
MinimumVisualStudioVersion = 10.0.40219.1
Project("{FAE04EC0-301F-11D3-BF4B-00C04F79EFBC}") = "module-3-assignment", "module-3-assignment\module-3-assignment.csproj", "{BB0E34B8-F8C1-477D-B777-882543F6AD00}"
EndProject
Project("{FAE04EC0-301F-11D3-BF4B-00C04F79EFBC}") = "module-1-assignment", "module-1-assignment\module-1-assignment.csproj", "{D00EC4B4-E0FA-4718-A3AF-EC89FCABCAB3}"
EndProject
Project("{FAE04EC0-301F-11D3-BF4B-00C04F79EFBC}") = "module-4-assignment", "module-4-assignment\module-4-assignment.csproj", "{CF1C6EF7-6397-4439-9B24-BC550306C3D4}"
EndProject
Project("{FAE04EC0-301F-11D3-BF4B-00C04F79EFBC}") = "module-2-assignment", "module-2-assignment\module-2-assignment.csproj", "{F05AD66C-F53A-4147-8142-3DE37A288A8F}"
EndProject
Project("{FAE04EC0-301F-11D3-BF4B-00C04F79EFBC}") = "module-5-and-6-assignment", "module-5-assignment\module-5-and-6-assignment.csproj", "{EE367B3F-0041-43FB-AB83-718B6A92D6E7}"
EndProject
Project("{FAE04EC0-301F-11D3-BF4B-00C04F79EFBC}") = "CSharpFileMergeTool", "CSharpFileMergeTool\CSharpFileMergeTool.csproj", "{7F099EEA-2A9E-4A0E-ACBC-4289BD24CB6D}"
EndProject
Global
	GlobalSection(SolutionConfigurationPlatforms) = preSolution
		Debug|Any CPU = Debug|Any CPU
		Release|Any CPU = Release|Any CPU
	EndGlobalSection
	GlobalSection(ProjectConfigurationPlatforms) = postSolution
		{BB0E34B8-F8C1-477D-B777-882543F6AD00}.Debug|Any CPU.ActiveCfg = Debug|Any CPU
		{BB0E34B8-F8C1-477D-B777-882543F6AD00}.Debug|Any CPU.Build.0 = Debug|Any CPU
		{BB0E34B8-F8C1-477D-B777-882543F6AD00}.Release|Any CPU.ActiveCfg = Release|Any CPU
		{BB0E34B8-F8C1-477D-B777-882543F6AD00}.Release|Any CPU.Build.0 = Release|Any CPU
		{D00EC4B4-E0FA-4718-A3AF-EC89FCABCAB3}.Debug|Any CPU.ActiveCfg = Debug|Any CPU
		{D00EC4B4-E0FA-4718-A3AF-EC89FCABCAB3}.Debug|Any CPU.Build.0 = Debug|Any CPU
		{D00EC4B4-E0FA-4718-A3AF-EC89FCABCAB3}.Release|Any CPU.ActiveCfg = Release|Any CPU
		{D00EC4B4-E0FA-4718-A3AF-EC89FCABCAB3}.Release|Any CPU.Build.0 = Release|Any CPU
		{CF1C6EF7-6397-4439-9B24-BC550306C3D4}.Debug|Any CPU.ActiveCfg = Debug|Any CPU
		{CF1C6EF7-6397-4439-9B24-BC550306C3D4}.Debug|Any CPU.Build.0 = Debug|Any CPU
		{CF1C6EF7-6397-4439-9B24-BC550306C3D4}.Release|Any CPU.ActiveCfg = Release|Any CPU
		{CF1C6EF7-6397-4439-9B24-BC550306C3D4}.Release|Any CPU.Build.0 = Release|Any CPU
		{F05AD66C-F53A-4147-8142-3DE37A288A8F}.Debug|Any CPU.ActiveCfg = Debug|Any CPU
		{F05AD66C-F53A-4147-8142-3DE37A288A8F}.Debug|Any CPU.Build.0 = Debug|Any CPU
		{F05AD66C-F53A-4147-8142-3DE37A288A8F}.Release|Any CPU.ActiveCfg = Release|Any CPU
		{F05AD66C-F53A-4147-8142-3DE37A288A8F}.Release|Any CPU.Build.0 = Release|Any CPU
		{EE367B3F-0041-43FB-AB83-718B6A92D6E7}.Debug|Any CPU.ActiveCfg = Debug|Any CPU
		{EE367B3F-0041-43FB-AB83-718B6A92D6E7}.Debug|Any CPU.Build.0 = Debug|Any CPU
		{EE367B3F-0041-43FB-AB83-718B6A92D6E7}.Release|Any CPU.ActiveCfg = Release|Any CPU
		{EE367B3F-0041-43FB-AB83-718B6A92D6E7}.Release|Any CPU.Build.0 = Release|Any CPU
		{7F099EEA-2A9E-4A0E-ACBC-4289BD24CB6D}.Debug|Any CPU.ActiveCfg = Debug|Any CPU
		{7F099EEA-2A9E-4A0E-ACBC-4289BD24CB6D}.Debug|Any CPU.Build.0 = Debug|Any CPU
		{7F099EEA-2A9E-4A0E-ACBC-4289BD24CB6D}.Release|Any CPU.ActiveCfg = Release|Any CPU
		{7F099EEA-2A9E-4A0E-ACBC-4289BD24CB6D}.Release|Any CPU.Build.0 = Release|Any CPU
	EndGlobalSection
	GlobalSection(SolutionProperties) = preSolution
		HideSolutionNode = FALSE
	EndGlobalSection
EndGlobal
