
Microsoft Visual Studio Solution File, Format Version 12.00
# Visual Studio 2013
VisualStudioVersion = 12.0.31101.0
MinimumVisualStudioVersion = 10.0.40219.1
Project("{FAE04EC0-301F-11D3-BF4B-00C04F79EFBC}") = "module-3-assignment", "module-3-assignment\module-3-assignment.csproj", "{BB0E34B8-F8C1-477D-B777-882543F6AD00}"
EndProject
Project("{FAE04EC0-301F-11D3-BF4B-00C04F79EFBC}") = "module-1-assignment", "module-1-assignment\module-1-assignment.csproj", "{D00EC4B4-E0FA-4718-A3AF-EC89FCABCAB3}"
EndProject
Project("{FAE04EC0-301F-11D3-BF4B-00C04F79EFBC}") = "module-4-assignment", "module-4-assignment\module-4-assignment.csproj", "{CF1C6EF7-6397-4439-9B24-BC550306C3D4}"
EndProject
Project("{FAE04EC0-301F-11D3-BF4B-00C04F79EFBC}") = "module-2-assignment", "module-2-assignment\module-2-assignment.csproj", "{F05AD66C-F53A-4147-8142-3DE37A288A8F}"
EndProject
Project("{FAE04EC0-301F-11D3-BF4B-00C04F79EFBC}") = "module-5-6-7-8-assignment", "module-5-assignment\module-5-6-7-8-assignment.csproj", "{EE367B3F-0041-43FB-AB83-718B6A92D6E7}"
EndProject
Project("{FAE04EC0-301F-11D3-BF4B-00C04F79EFBC}") = "CSharpFileMergeTool", "CSharpFileMergeTool\CSharpFileMergeTool.csproj", "{7F099EEA-2A9E-4A0E-ACBC-4289BD24CB6D}"
EndProject
Project("{FAE04EC0-301F-11D3-BF4B-00C04F79EFBC}") = "Mod_9_Homework", "Mod_9_Homework\Mod_9_Homework.csproj", "{B45528C4-AACD-41BA-BC4A-F109E5EDB024}"
EndProject
Project("{2150E333-8FDC-42A3-9474-1A3956D46DE8}") = "module-10-assignment", "module-10-assignment", "{75D57C45-2A20-4190-A632-D2536AACA9F8}"
EndProject
Project("{FAE04EC0-301F-11D3-BF4B-00C04F79EFBC}") = "OrderingOperators", "module-10-assignment\OrderingOperators\OrderingOperators.csproj", "{05350A97-9D66-40BC-90B5-BCD0DCFE1AAB}"
EndProject
Project("{FAE04EC0-301F-11D3-BF4B-00C04F79EFBC}") = "RestrictionOperators", "module-10-assignment\RestrictionOperators\RestrictionOperators.csproj", "{EF74D02F-B99F-470F-B27C-8B83961E9940}"
EndProject
Global
	GlobalSection(SolutionConfigurationPlatforms) = preSolution
		Debug|Any CPU = Debug|Any CPU
		Debug|Mixed Platforms = Debug|Mixed Platforms
		Debug|x86 = Debug|x86
		Release|Any CPU = Release|Any CPU
		Release|Mixed Platforms = Release|Mixed Platforms
		Release|x86 = Release|x86
	EndGlobalSection
	GlobalSection(ProjectConfigurationPlatforms) = postSolution
		{BB0E34B8-F8C1-477D-B777-882543F6AD00}.Debug|Any CPU.ActiveCfg = Debug|Any CPU
		{BB0E34B8-F8C1-477D-B777-882543F6AD00}.Debug|Any CPU.Build.0 = Debug|Any CPU
		{BB0E34B8-F8C1-477D-B777-882543F6AD00}.Debug|Mixed Platforms.ActiveCfg = Debug|Any CPU
		{BB0E34B8-F8C1-477D-B777-882543F6AD00}.Debug|Mixed Platforms.Build.0 = Debug|Any CPU
		{BB0E34B8-F8C1-477D-B777-882543F6AD00}.Debug|x86.ActiveCfg = Debug|Any CPU
		{BB0E34B8-F8C1-477D-B777-882543F6AD00}.Release|Any CPU.ActiveCfg = Release|Any CPU
		{BB0E34B8-F8C1-477D-B777-882543F6AD00}.Release|Any CPU.Build.0 = Release|Any CPU
		{BB0E34B8-F8C1-477D-B777-882543F6AD00}.Release|Mixed Platforms.ActiveCfg = Release|Any CPU
		{BB0E34B8-F8C1-477D-B777-882543F6AD00}.Release|Mixed Platforms.Build.0 = Release|Any CPU
		{BB0E34B8-F8C1-477D-B777-882543F6AD00}.Release|x86.ActiveCfg = Release|Any CPU
		{D00EC4B4-E0FA-4718-A3AF-EC89FCABCAB3}.Debug|Any CPU.ActiveCfg = Debug|Any CPU
		{D00EC4B4-E0FA-4718-A3AF-EC89FCABCAB3}.Debug|Any CPU.Build.0 = Debug|Any CPU
		{D00EC4B4-E0FA-4718-A3AF-EC89FCABCAB3}.Debug|Mixed Platforms.ActiveCfg = Debug|Any CPU
		{D00EC4B4-E0FA-4718-A3AF-EC89FCABCAB3}.Debug|Mixed Platforms.Build.0 = Debug|Any CPU
		{D00EC4B4-E0FA-4718-A3AF-EC89FCABCAB3}.Debug|x86.ActiveCfg = Debug|Any CPU
		{D00EC4B4-E0FA-4718-A3AF-EC89FCABCAB3}.Release|Any CPU.ActiveCfg = Release|Any CPU
		{D00EC4B4-E0FA-4718-A3AF-EC89FCABCAB3}.Release|Any CPU.Build.0 = Release|Any CPU
		{D00EC4B4-E0FA-4718-A3AF-EC89FCABCAB3}.Release|Mixed Platforms.ActiveCfg = Release|Any CPU
		{D00EC4B4-E0FA-4718-A3AF-EC89FCABCAB3}.Release|Mixed Platforms.Build.0 = Release|Any CPU
		{D00EC4B4-E0FA-4718-A3AF-EC89FCABCAB3}.Release|x86.ActiveCfg = Release|Any CPU
		{CF1C6EF7-6397-4439-9B24-BC550306C3D4}.Debug|Any CPU.ActiveCfg = Debug|Any CPU
		{CF1C6EF7-6397-4439-9B24-BC550306C3D4}.Debug|Any CPU.Build.0 = Debug|Any CPU
		{CF1C6EF7-6397-4439-9B24-BC550306C3D4}.Debug|Mixed Platforms.ActiveCfg = Debug|Any CPU
		{CF1C6EF7-6397-4439-9B24-BC550306C3D4}.Debug|Mixed Platforms.Build.0 = Debug|Any CPU
		{CF1C6EF7-6397-4439-9B24-BC550306C3D4}.Debug|x86.ActiveCfg = Debug|Any CPU
		{CF1C6EF7-6397-4439-9B24-BC550306C3D4}.Release|Any CPU.ActiveCfg = Release|Any CPU
		{CF1C6EF7-6397-4439-9B24-BC550306C3D4}.Release|Any CPU.Build.0 = Release|Any CPU
		{CF1C6EF7-6397-4439-9B24-BC550306C3D4}.Release|Mixed Platforms.ActiveCfg = Release|Any CPU
		{CF1C6EF7-6397-4439-9B24-BC550306C3D4}.Release|Mixed Platforms.Build.0 = Release|Any CPU
		{CF1C6EF7-6397-4439-9B24-BC550306C3D4}.Release|x86.ActiveCfg = Release|Any CPU
		{F05AD66C-F53A-4147-8142-3DE37A288A8F}.Debug|Any CPU.ActiveCfg = Debug|Any CPU
		{F05AD66C-F53A-4147-8142-3DE37A288A8F}.Debug|Any CPU.Build.0 = Debug|Any CPU
		{F05AD66C-F53A-4147-8142-3DE37A288A8F}.Debug|Mixed Platforms.ActiveCfg = Debug|Any CPU
		{F05AD66C-F53A-4147-8142-3DE37A288A8F}.Debug|Mixed Platforms.Build.0 = Debug|Any CPU
		{F05AD66C-F53A-4147-8142-3DE37A288A8F}.Debug|x86.ActiveCfg = Debug|Any CPU
		{F05AD66C-F53A-4147-8142-3DE37A288A8F}.Release|Any CPU.ActiveCfg = Release|Any CPU
		{F05AD66C-F53A-4147-8142-3DE37A288A8F}.Release|Any CPU.Build.0 = Release|Any CPU
		{F05AD66C-F53A-4147-8142-3DE37A288A8F}.Release|Mixed Platforms.ActiveCfg = Release|Any CPU
		{F05AD66C-F53A-4147-8142-3DE37A288A8F}.Release|Mixed Platforms.Build.0 = Release|Any CPU
		{F05AD66C-F53A-4147-8142-3DE37A288A8F}.Release|x86.ActiveCfg = Release|Any CPU
		{EE367B3F-0041-43FB-AB83-718B6A92D6E7}.Debug|Any CPU.ActiveCfg = Debug|Any CPU
		{EE367B3F-0041-43FB-AB83-718B6A92D6E7}.Debug|Any CPU.Build.0 = Debug|Any CPU
		{EE367B3F-0041-43FB-AB83-718B6A92D6E7}.Debug|Mixed Platforms.ActiveCfg = Debug|Any CPU
		{EE367B3F-0041-43FB-AB83-718B6A92D6E7}.Debug|Mixed Platforms.Build.0 = Debug|Any CPU
		{EE367B3F-0041-43FB-AB83-718B6A92D6E7}.Debug|x86.ActiveCfg = Debug|Any CPU
		{EE367B3F-0041-43FB-AB83-718B6A92D6E7}.Release|Any CPU.ActiveCfg = Release|Any CPU
		{EE367B3F-0041-43FB-AB83-718B6A92D6E7}.Release|Any CPU.Build.0 = Release|Any CPU
		{EE367B3F-0041-43FB-AB83-718B6A92D6E7}.Release|Mixed Platforms.ActiveCfg = Release|Any CPU
		{EE367B3F-0041-43FB-AB83-718B6A92D6E7}.Release|Mixed Platforms.Build.0 = Release|Any CPU
		{EE367B3F-0041-43FB-AB83-718B6A92D6E7}.Release|x86.ActiveCfg = Release|Any CPU
		{7F099EEA-2A9E-4A0E-ACBC-4289BD24CB6D}.Debug|Any CPU.ActiveCfg = Debug|Any CPU
		{7F099EEA-2A9E-4A0E-ACBC-4289BD24CB6D}.Debug|Any CPU.Build.0 = Debug|Any CPU
		{7F099EEA-2A9E-4A0E-ACBC-4289BD24CB6D}.Debug|Mixed Platforms.ActiveCfg = Debug|Any CPU
		{7F099EEA-2A9E-4A0E-ACBC-4289BD24CB6D}.Debug|Mixed Platforms.Build.0 = Debug|Any CPU
		{7F099EEA-2A9E-4A0E-ACBC-4289BD24CB6D}.Debug|x86.ActiveCfg = Debug|Any CPU
		{7F099EEA-2A9E-4A0E-ACBC-4289BD24CB6D}.Release|Any CPU.ActiveCfg = Release|Any CPU
		{7F099EEA-2A9E-4A0E-ACBC-4289BD24CB6D}.Release|Any CPU.Build.0 = Release|Any CPU
		{7F099EEA-2A9E-4A0E-ACBC-4289BD24CB6D}.Release|Mixed Platforms.ActiveCfg = Release|Any CPU
		{7F099EEA-2A9E-4A0E-ACBC-4289BD24CB6D}.Release|Mixed Platforms.Build.0 = Release|Any CPU
		{7F099EEA-2A9E-4A0E-ACBC-4289BD24CB6D}.Release|x86.ActiveCfg = Release|Any CPU
		{B45528C4-AACD-41BA-BC4A-F109E5EDB024}.Debug|Any CPU.ActiveCfg = Debug|Any CPU
		{B45528C4-AACD-41BA-BC4A-F109E5EDB024}.Debug|Any CPU.Build.0 = Debug|Any CPU
		{B45528C4-AACD-41BA-BC4A-F109E5EDB024}.Debug|Mixed Platforms.ActiveCfg = Debug|Any CPU
		{B45528C4-AACD-41BA-BC4A-F109E5EDB024}.Debug|Mixed Platforms.Build.0 = Debug|Any CPU
		{B45528C4-AACD-41BA-BC4A-F109E5EDB024}.Debug|x86.ActiveCfg = Debug|Any CPU
		{B45528C4-AACD-41BA-BC4A-F109E5EDB024}.Release|Any CPU.ActiveCfg = Release|Any CPU
		{B45528C4-AACD-41BA-BC4A-F109E5EDB024}.Release|Any CPU.Build.0 = Release|Any CPU
		{B45528C4-AACD-41BA-BC4A-F109E5EDB024}.Release|Mixed Platforms.ActiveCfg = Release|Any CPU
		{B45528C4-AACD-41BA-BC4A-F109E5EDB024}.Release|Mixed Platforms.Build.0 = Release|Any CPU
		{B45528C4-AACD-41BA-BC4A-F109E5EDB024}.Release|x86.ActiveCfg = Release|Any CPU
		{05350A97-9D66-40BC-90B5-BCD0DCFE1AAB}.Debug|Any CPU.ActiveCfg = Debug|x86
		{05350A97-9D66-40BC-90B5-BCD0DCFE1AAB}.Debug|Mixed Platforms.ActiveCfg = Debug|x86
		{05350A97-9D66-40BC-90B5-BCD0DCFE1AAB}.Debug|Mixed Platforms.Build.0 = Debug|x86
		{05350A97-9D66-40BC-90B5-BCD0DCFE1AAB}.Debug|x86.ActiveCfg = Debug|x86
		{05350A97-9D66-40BC-90B5-BCD0DCFE1AAB}.Debug|x86.Build.0 = Debug|x86
		{05350A97-9D66-40BC-90B5-BCD0DCFE1AAB}.Release|Any CPU.ActiveCfg = Release|x86
		{05350A97-9D66-40BC-90B5-BCD0DCFE1AAB}.Release|Mixed Platforms.ActiveCfg = Release|x86
		{05350A97-9D66-40BC-90B5-BCD0DCFE1AAB}.Release|Mixed Platforms.Build.0 = Release|x86
		{05350A97-9D66-40BC-90B5-BCD0DCFE1AAB}.Release|x86.ActiveCfg = Release|x86
		{05350A97-9D66-40BC-90B5-BCD0DCFE1AAB}.Release|x86.Build.0 = Release|x86
		{EF74D02F-B99F-470F-B27C-8B83961E9940}.Debug|Any CPU.ActiveCfg = Debug|x86
		{EF74D02F-B99F-470F-B27C-8B83961E9940}.Debug|Mixed Platforms.ActiveCfg = Debug|x86
		{EF74D02F-B99F-470F-B27C-8B83961E9940}.Debug|Mixed Platforms.Build.0 = Debug|x86
		{EF74D02F-B99F-470F-B27C-8B83961E9940}.Debug|x86.ActiveCfg = Debug|x86
		{EF74D02F-B99F-470F-B27C-8B83961E9940}.Debug|x86.Build.0 = Debug|x86
		{EF74D02F-B99F-470F-B27C-8B83961E9940}.Release|Any CPU.ActiveCfg = Release|x86
		{EF74D02F-B99F-470F-B27C-8B83961E9940}.Release|Mixed Platforms.ActiveCfg = Release|x86
		{EF74D02F-B99F-470F-B27C-8B83961E9940}.Release|Mixed Platforms.Build.0 = Release|x86
		{EF74D02F-B99F-470F-B27C-8B83961E9940}.Release|x86.ActiveCfg = Release|x86
		{EF74D02F-B99F-470F-B27C-8B83961E9940}.Release|x86.Build.0 = Release|x86
	EndGlobalSection
	GlobalSection(SolutionProperties) = preSolution
		HideSolutionNode = FALSE
	EndGlobalSection
	GlobalSection(NestedProjects) = preSolution
		{05350A97-9D66-40BC-90B5-BCD0DCFE1AAB} = {75D57C45-2A20-4190-A632-D2536AACA9F8}
		{EF74D02F-B99F-470F-B27C-8B83961E9940} = {75D57C45-2A20-4190-A632-D2536AACA9F8}
	EndGlobalSection
EndGlobal
